// !$*UTF8*$!
{
	archiveVersion = 1;
	classes = {
	};
	objectVersion = 48;
	objects = {

/* Begin PBXBuildFile section */
		7989690120360B0200C09DC7 /* AppDelegate.swift in Sources */ = {isa = PBXBuildFile; fileRef = 7989690020360B0200C09DC7 /* AppDelegate.swift */; };
		7989690320360B0200C09DC7 /* ToDoListViewController.swift in Sources */ = {isa = PBXBuildFile; fileRef = 7989690220360B0200C09DC7 /* ToDoListViewController.swift */; };
		7989690620360B0200C09DC7 /* Main.storyboard in Resources */ = {isa = PBXBuildFile; fileRef = 7989690420360B0200C09DC7 /* Main.storyboard */; };
		7989690820360B0200C09DC7 /* Assets.xcassets in Resources */ = {isa = PBXBuildFile; fileRef = 7989690720360B0200C09DC7 /* Assets.xcassets */; };
		7989690B20360B0200C09DC7 /* LaunchScreen.storyboard in Resources */ = {isa = PBXBuildFile; fileRef = 7989690920360B0200C09DC7 /* LaunchScreen.storyboard */; };
		79896916203854E600C09DC7 /* Item.swift in Sources */ = {isa = PBXBuildFile; fileRef = 79896915203854E600C09DC7 /* Item.swift */; };
/* End PBXBuildFile section */

/* Begin PBXFileReference section */
		798968FD20360B0200C09DC7 /* ChillToDo.app */ = {isa = PBXFileReference; explicitFileType = wrapper.application; includeInIndex = 0; path = ChillToDo.app; sourceTree = BUILT_PRODUCTS_DIR; };
		7989690020360B0200C09DC7 /* AppDelegate.swift */ = {isa = PBXFileReference; lastKnownFileType = sourcecode.swift; path = AppDelegate.swift; sourceTree = "<group>"; };
		7989690220360B0200C09DC7 /* ToDoListViewController.swift */ = {isa = PBXFileReference; lastKnownFileType = sourcecode.swift; path = ToDoListViewController.swift; sourceTree = "<group>"; };
		7989690520360B0200C09DC7 /* Base */ = {isa = PBXFileReference; lastKnownFileType = file.storyboard; name = Base; path = Base.lproj/Main.storyboard; sourceTree = "<group>"; };
		7989690720360B0200C09DC7 /* Assets.xcassets */ = {isa = PBXFileReference; lastKnownFileType = folder.assetcatalog; path = Assets.xcassets; sourceTree = "<group>"; };
		7989690A20360B0200C09DC7 /* Base */ = {isa = PBXFileReference; lastKnownFileType = file.storyboard; name = Base; path = Base.lproj/LaunchScreen.storyboard; sourceTree = "<group>"; };
		7989690C20360B0200C09DC7 /* Info.plist */ = {isa = PBXFileReference; lastKnownFileType = text.plist.xml; path = Info.plist; sourceTree = "<group>"; };
		79896915203854E600C09DC7 /* Item.swift */ = {isa = PBXFileReference; lastKnownFileType = sourcecode.swift; path = Item.swift; sourceTree = "<group>"; };
/* End PBXFileReference section */

/* Begin PBXFrameworksBuildPhase section */
		798968FA20360B0200C09DC7 /* Frameworks */ = {
			isa = PBXFrameworksBuildPhase;
			buildActionMask = 2147483647;
			files = (
			);
			runOnlyForDeploymentPostprocessing = 0;
		};
/* End PBXFrameworksBuildPhase section */

/* Begin PBXGroup section */
		798968F420360B0200C09DC7 = {
			isa = PBXGroup;
			children = (
				798968FF20360B0200C09DC7 /* ChillToDo */,
				798968FE20360B0200C09DC7 /* Products */,
			);
			sourceTree = "<group>";
		};
		798968FE20360B0200C09DC7 /* Products */ = {
			isa = PBXGroup;
			children = (
				798968FD20360B0200C09DC7 /* ChillToDo.app */,
			);
			name = Products;
			sourceTree = "<group>";
		};
		798968FF20360B0200C09DC7 /* ChillToDo */ = {
			isa = PBXGroup;
			children = (
				7989690020360B0200C09DC7 /* AppDelegate.swift */,
				79896914203854C700C09DC7 /* Controller */,
				79896913203854C100C09DC7 /* View */,
				79896912203854B600C09DC7 /* Model */,
				798969172038564000C09DC7 /* Supporting Files */,
				7989690C20360B0200C09DC7 /* Info.plist */,
			);
			path = ChillToDo;
			sourceTree = "<group>";
		};
		79896912203854B600C09DC7 /* Model */ = {
			isa = PBXGroup;
			children = (
				79896915203854E600C09DC7 /* Item.swift */,
			);
			path = Model;
			sourceTree = "<group>";
		};
		79896913203854C100C09DC7 /* View */ = {
			isa = PBXGroup;
			children = (
				7989690420360B0200C09DC7 /* Main.storyboard */,
			);
			path = View;
			sourceTree = "<group>";
		};
		79896914203854C700C09DC7 /* Controller */ = {
			isa = PBXGroup;
			children = (
				7989690220360B0200C09DC7 /* ToDoListViewController.swift */,
			);
			path = Controller;
			sourceTree = "<group>";
		};
		798969172038564000C09DC7 /* Supporting Files */ = {
			isa = PBXGroup;
			children = (
				7989690720360B0200C09DC7 /* Assets.xcassets */,
				7989690920360B0200C09DC7 /* LaunchScreen.storyboard */,
			);
			path = "Supporting Files";
			sourceTree = "<group>";
		};
/* End PBXGroup section */

/* Begin PBXNativeTarget section */
		798968FC20360B0200C09DC7 /* ChillToDo */ = {
			isa = PBXNativeTarget;
			buildConfigurationList = 7989690F20360B0200C09DC7 /* Build configuration list for PBXNativeTarget "ChillToDo" */;
			buildPhases = (
				798968F920360B0200C09DC7 /* Sources */,
				798968FA20360B0200C09DC7 /* Frameworks */,
				798968FB20360B0200C09DC7 /* Resources */,
			);
			buildRules = (
			);
			dependencies = (
			);
			name = ChillToDo;
			productName = ChillToDo;
			productReference = 798968FD20360B0200C09DC7 /* ChillToDo.app */;
			productType = "com.apple.product-type.application";
		};
/* End PBXNativeTarget section */

/* Begin PBXProject section */
		798968F520360B0200C09DC7 /* Project object */ = {
			isa = PBXProject;
			attributes = {
				LastSwiftUpdateCheck = 0920;
				LastUpgradeCheck = 0920;
				ORGANIZATIONNAME = "ChillNet Pty Ltd";
				TargetAttributes = {
					798968FC20360B0200C09DC7 = {
						CreatedOnToolsVersion = 9.2;
						ProvisioningStyle = Automatic;
					};
				};
			};
			buildConfigurationList = 798968F820360B0200C09DC7 /* Build configuration list for PBXProject "ChillToDo" */;
			compatibilityVersion = "Xcode 8.0";
			developmentRegion = en;
			hasScannedForEncodings = 0;
			knownRegions = (
				en,
				Base,
			);
			mainGroup = 798968F420360B0200C09DC7;
			productRefGroup = 798968FE20360B0200C09DC7 /* Products */;
			projectDirPath = "";
			projectRoot = "";
			targets = (
				798968FC20360B0200C09DC7 /* ChillToDo */,
			);
		};
/* End PBXProject section */

/* Begin PBXResourcesBuildPhase section */
		798968FB20360B0200C09DC7 /* Resources */ = {
			isa = PBXResourcesBuildPhase;
			buildActionMask = 2147483647;
			files = (
				7989690B20360B0200C09DC7 /* LaunchScreen.storyboard in Resources */,
				7989690820360B0200C09DC7 /* Assets.xcassets in Resources */,
				7989690620360B0200C09DC7 /* Main.storyboard in Resources */,
			);
			runOnlyForDeploymentPostprocessing = 0;
		};
/* End PBXResourcesBuildPhase section */

/* Begin PBXSourcesBuildPhase section */
		798968F920360B0200C09DC7 /* Sources */ = {
			isa = PBXSourcesBuildPhase;
			buildActionMask = 2147483647;
			files = (
				7989690320360B0200C09DC7 /* ToDoListViewController.swift in Sources */,
				79896916203854E600C09DC7 /* Item.swift in Sources */,
				7989690120360B0200C09DC7 /* AppDelegate.swift in Sources */,
			);
			runOnlyForDeploymentPostprocessing = 0;
		};
/* End PBXSourcesBuildPhase section */

/* Begin PBXVariantGroup section */
		7989690420360B0200C09DC7 /* Main.storyboard */ = {
			isa = PBXVariantGroup;
			children = (
				7989690520360B0200C09DC7 /* Base */,
			);
			name = Main.storyboard;
			sourceTree = "<group>";
		};
		7989690920360B0200C09DC7 /* LaunchScreen.storyboard */ = {
			isa = PBXVariantGroup;
			children = (
				7989690A20360B0200C09DC7 /* Base */,
			);
			name = LaunchScreen.storyboard;
			sourceTree = "<group>";
		};
/* End PBXVariantGroup section */

/* Begin XCBuildConfiguration section */
		7989690D20360B0200C09DC7 /* Debug */ = {
			isa = XCBuildConfiguration;
			buildSettings = {
				ALWAYS_SEARCH_USER_PATHS = NO;
				CLANG_ANALYZER_NONNULL = YES;
				CLANG_ANALYZER_NUMBER_OBJECT_CONVERSION = YES_AGGRESSIVE;
				CLANG_CXX_LANGUAGE_STANDARD = "gnu++14";
				CLANG_CXX_LIBRARY = "libc++";
				CLANG_ENABLE_MODULES = YES;
				CLANG_ENABLE_OBJC_ARC = YES;
				CLANG_WARN_BLOCK_CAPTURE_AUTORELEASING = YES;
				CLANG_WARN_BOOL_CONVERSION = YES;
				CLANG_WARN_COMMA = YES;
				CLANG_WARN_CONSTANT_CONVERSION = YES;
				CLANG_WARN_DIRECT_OBJC_ISA_USAGE = YES_ERROR;
				CLANG_WARN_DOCUMENTATION_COMMENTS = YES;
				CLANG_WARN_EMPTY_BODY = YES;
				CLANG_WARN_ENUM_CONVERSION = YES;
				CLANG_WARN_INFINITE_RECURSION = YES;
				CLANG_WARN_INT_CONVERSION = YES;
				CLANG_WARN_NON_LITERAL_NULL_CONVERSION = YES;
				CLANG_WARN_OBJC_LITERAL_CONVERSION = YES;
				CLANG_WARN_OBJC_ROOT_CLASS = YES_ERROR;
				CLANG_WARN_RANGE_LOOP_ANALYSIS = YES;
				CLANG_WARN_STRICT_PROTOTYPES = YES;
				CLANG_WARN_SUSPICIOUS_MOVE = YES;
				CLANG_WARN_UNGUARDED_AVAILABILITY = YES_AGGRESSIVE;
				CLANG_WARN_UNREACHABLE_CODE = YES;
				CLANG_WARN__DUPLICATE_METHOD_MATCH = YES;
				CODE_SIGN_IDENTITY = "iPhone Developer";
				COPY_PHASE_STRIP = NO;
				DEBUG_INFORMATION_FORMAT = dwarf;
				ENABLE_STRICT_OBJC_MSGSEND = YES;
				ENABLE_TESTABILITY = YES;
				GCC_C_LANGUAGE_STANDARD = gnu11;
				GCC_DYNAMIC_NO_PIC = NO;
				GCC_NO_COMMON_BLOCKS = YES;
				GCC_OPTIMIZATION_LEVEL = 0;
				GCC_PREPROCESSOR_DEFINITIONS = (
					"DEBUG=1",
					"$(inherited)",
				);
				GCC_WARN_64_TO_32_BIT_CONVERSION = YES;
				GCC_WARN_ABOUT_RETURN_TYPE = YES_ERROR;
				GCC_WARN_UNDECLARED_SELECTOR = YES;
				GCC_WARN_UNINITIALIZED_AUTOS = YES_AGGRESSIVE;
				GCC_WARN_UNUSED_FUNCTION = YES;
				GCC_WARN_UNUSED_VARIABLE = YES;
				IPHONEOS_DEPLOYMENT_TARGET = 11.2;
				MTL_ENABLE_DEBUG_INFO = YES;
				ONLY_ACTIVE_ARCH = YES;
				SDKROOT = iphoneos;
				SWIFT_ACTIVE_COMPILATION_CONDITIONS = DEBUG;
				SWIFT_OPTIMIZATION_LEVEL = "-Onone";
			};
			name = Debug;
		};
		7989690E20360B0200C09DC7 /* Release */ = {
			isa = XCBuildConfiguration;
			buildSettings = {
				ALWAYS_SEARCH_USER_PATHS = NO;
				CLANG_ANALYZER_NONNULL = YES;
				CLANG_ANALYZER_NUMBER_OBJECT_CONVERSION = YES_AGGRESSIVE;
				CLANG_CXX_LANGUAGE_STANDARD = "gnu++14";
				CLANG_CXX_LIBRARY = "libc++";
				CLANG_ENABLE_MODULES = YES;
				CLANG_ENABLE_OBJC_ARC = YES;
				CLANG_WARN_BLOCK_CAPTURE_AUTORELEASING = YES;
				CLANG_WARN_BOOL_CONVERSION = YES;
				CLANG_WARN_COMMA = YES;
				CLANG_WARN_CONSTANT_CONVERSION = YES;
				CLANG_WARN_DIRECT_OBJC_ISA_USAGE = YES_ERROR;
				CLANG_WARN_DOCUMENTATION_COMMENTS = YES;
				CLANG_WARN_EMPTY_BODY = YES;
				CLANG_WARN_ENUM_CONVERSION = YES;
				CLANG_WARN_INFINITE_RECURSION = YES;
				CLANG_WARN_INT_CONVERSION = YES;
				CLANG_WARN_NON_LITERAL_NULL_CONVERSION = YES;
				CLANG_WARN_OBJC_LITERAL_CONVERSION = YES;
				CLANG_WARN_OBJC_ROOT_CLASS = YES_ERROR;
				CLANG_WARN_RANGE_LOOP_ANALYSIS = YES;
				CLANG_WARN_STRICT_PROTOTYPES = YES;
				CLANG_WARN_SUSPICIOUS_MOVE = YES;
				CLANG_WARN_UNGUARDED_AVAILABILITY = YES_AGGRESSIVE;
				CLANG_WARN_UNREACHABLE_CODE = YES;
				CLANG_WARN__DUPLICATE_METHOD_MATCH = YES;
				CODE_SIGN_IDENTITY = "iPhone Developer";
				COPY_PHASE_STRIP = NO;
				DEBUG_INFORMATION_FORMAT = "dwarf-with-dsym";
				ENABLE_NS_ASSERTIONS = NO;
				ENABLE_STRICT_OBJC_MSGSEND = YES;
				GCC_C_LANGUAGE_STANDARD = gnu11;
				GCC_NO_COMMON_BLOCKS = YES;
				GCC_WARN_64_TO_32_BIT_CONVERSION = YES;
				GCC_WARN_ABOUT_RETURN_TYPE = YES_ERROR;
				GCC_WARN_UNDECLARED_SELECTOR = YES;
				GCC_WARN_UNINITIALIZED_AUTOS = YES_AGGRESSIVE;
				GCC_WARN_UNUSED_FUNCTION = YES;
				GCC_WARN_UNUSED_VARIABLE = YES;
				IPHONEOS_DEPLOYMENT_TARGET = 11.2;
				MTL_ENABLE_DEBUG_INFO = NO;
				SDKROOT = iphoneos;
				SWIFT_OPTIMIZATION_LEVEL = "-Owholemodule";
				VALIDATE_PRODUCT = YES;
			};
			name = Release;
		};
		7989691020360B0200C09DC7 /* Debug */ = {
			isa = XCBuildConfiguration;
			buildSettings = {
				ASSETCATALOG_COMPILER_APPICON_NAME = AppIcon;
				CODE_SIGN_STYLE = Automatic;
				DEVELOPMENT_TEAM = UUPVVA4HA3;
				INFOPLIST_FILE = ChillToDo/Info.plist;
				LD_RUNPATH_SEARCH_PATHS = "$(inherited) @executable_path/Frameworks";
				PRODUCT_BUNDLE_IDENTIFIER = com.chillnet.ChillToDo;
				PRODUCT_NAME = "$(TARGET_NAME)";
				SWIFT_VERSION = 4.0;
				TARGETED_DEVICE_FAMILY = "1,2";
			};
			name = Debug;
		};
		7989691120360B0200C09DC7 /* Release */ = {
			isa = XCBuildConfiguration;
			buildSettings = {
				ASSETCATALOG_COMPILER_APPICON_NAME = AppIcon;
				CODE_SIGN_STYLE = Automatic;
				DEVELOPMENT_TEAM = UUPVVA4HA3;
				INFOPLIST_FILE = ChillToDo/Info.plist;
				LD_RUNPATH_SEARCH_PATHS = "$(inherited) @executable_path/Frameworks";
				PRODUCT_BUNDLE_IDENTIFIER = com.chillnet.ChillToDo;
				PRODUCT_NAME = "$(TARGET_NAME)";
				SWIFT_VERSION = 4.0;
				TARGETED_DEVICE_FAMILY = "1,2";
			};
			name = Release;
		};
/* End XCBuildConfiguration section */

/* Begin XCConfigurationList section */
		798968F820360B0200C09DC7 /* Build configuration list for PBXProject "ChillToDo" */ = {
			isa = XCConfigurationList;
			buildConfigurations = (
				7989690D20360B0200C09DC7 /* Debug */,
				7989690E20360B0200C09DC7 /* Release */,
			);
			defaultConfigurationIsVisible = 0;
			defaultConfigurationName = Release;
		};
		7989690F20360B0200C09DC7 /* Build configuration list for PBXNativeTarget "ChillToDo" */ = {
			isa = XCConfigurationList;
			buildConfigurations = (
				7989691020360B0200C09DC7 /* Debug */,
				7989691120360B0200C09DC7 /* Release */,
			);
			defaultConfigurationIsVisible = 0;
			defaultConfigurationName = Release;
		};
/* End XCConfigurationList section */
	};
	rootObject = 798968F520360B0200C09DC7 /* Project object */;
}
